<?xml version="1.0" encoding="utf-8"?>
<Project ToolsVersion="4.0" xmlns="http://schemas.microsoft.com/developer/msbuild/2003">
  <ItemGroup>
    <Filter Include="Исходные файлы">
      <UniqueIdentifier>{4FC737F1-C7A5-4376-A066-2A32D752A2FF}</UniqueIdentifier>
      <Extensions>cpp;c;cc;cxx;c++;cppm;ixx;def;odl;idl;hpj;bat;asm;asmx</Extensions>
    </Filter>
    <Filter Include="Файлы заголовков">
      <UniqueIdentifier>{93995380-89BD-4b04-88EB-625FBE52EBFB}</UniqueIdentifier>
      <Extensions>h;hh;hpp;hxx;h++;hm;inl;inc;ipp;xsd</Extensions>
    </Filter>
    <Filter Include="Файлы ресурсов">
      <UniqueIdentifier>{67DA6AB6-F800-4c08-8B7A-83BB121AAD01}</UniqueIdentifier>
      <Extensions>rc;ico;cur;bmp;dlg;rc2;rct;bin;rgs;gif;jpg;jpeg;jpe;resx;tiff;tif;png;wav;mfcribbon-ms</Extensions>
    </Filter>
    <Filter Include="Файлы заголовков\States">
      <UniqueIdentifier>{d37c98f3-2ac1-4cc9-a96e-a0fef2157518}</UniqueIdentifier>
    </Filter>
    <Filter Include="Файлы заголовков\Enteties">
      <UniqueIdentifier>{a6dfb09b-1fe6-446b-ad28-10b62f417767}</UniqueIdentifier>
    </Filter>
    <Filter Include="Components">
      <UniqueIdentifier>{07556b99-41a4-439e-a07d-9633d9649bee}</UniqueIdentifier>
    </Filter>
    <Filter Include="Map">
      <UniqueIdentifier>{b744e12c-1c4f-4f96-9f9d-3ec72489c2e3}</UniqueIdentifier>
    </Filter>
    <Filter Include="GUI">
      <UniqueIdentifier>{9557a3b7-1a5b-44ca-b100-41413743c28d}</UniqueIdentifier>
    </Filter>
    <Filter Include="Файлы заголовков\Engine">
      <UniqueIdentifier>{1c9daa59-1d0f-4682-9478-52f419df2c3b}</UniqueIdentifier>
    </Filter>
    <Filter Include="Mission">
      <UniqueIdentifier>{369d4815-1829-4f14-9320-b4922075be7c}</UniqueIdentifier>
    </Filter>
  </ItemGroup>
  <ItemGroup>
    <ClCompile Include="GameState.cpp">
      <Filter>Файлы заголовков\States</Filter>
    </ClCompile>
    <ClCompile Include="State.cpp">
      <Filter>Файлы заголовков\States</Filter>
    </ClCompile>
    <ClCompile Include="Entity.cpp">
      <Filter>Файлы заголовков\Enteties</Filter>
    </ClCompile>
    <ClCompile Include="MainMenuState.cpp">
      <Filter>Файлы заголовков\States</Filter>
    </ClCompile>
    <ClCompile Include="MovementComponent.cpp">
      <Filter>Components</Filter>
    </ClCompile>
    <ClCompile Include="AnimationComponent.cpp">
      <Filter>Components</Filter>
    </ClCompile>
    <ClCompile Include="Player.cpp">
      <Filter>Файлы заголовков\Enteties</Filter>
    </ClCompile>
    <ClCompile Include="HitboxComponent.cpp">
      <Filter>Components</Filter>
    </ClCompile>
    <ClCompile Include="PauseMenu.cpp">
      <Filter>GUI</Filter>
    </ClCompile>
    <ClCompile Include="Map.cpp">
      <Filter>Map</Filter>
    </ClCompile>
    <ClCompile Include="Button.cpp">
      <Filter>GUI</Filter>
    </ClCompile>
    <ClCompile Include="QuestionWindow.cpp">
      <Filter>GUI</Filter>
    </ClCompile>
    <ClCompile Include="SettingsState.cpp">
      <Filter>Файлы заголовков\States</Filter>
    </ClCompile>
    <ClCompile Include="stdafx.cpp">
      <Filter>Файлы заголовков\Engine</Filter>
    </ClCompile>
    <ClCompile Include="Main.cpp">
      <Filter>Файлы заголовков\Engine</Filter>
    </ClCompile>
    <ClCompile Include="Game.cpp">
      <Filter>Файлы заголовков\Engine</Filter>
    </ClCompile>
    <ClCompile Include="GraphicsSettings.cpp">
      <Filter>GUI</Filter>
    </ClCompile>
    <ClCompile Include="Npc.cpp">
      <Filter>Файлы заголовков\Enteties</Filter>
    </ClCompile>
    <ClCompile Include="Teleport.cpp">
      <Filter>Файлы заголовков\Enteties</Filter>
    </ClCompile>
    <ClCompile Include="Mission.cpp">
      <Filter>Mission</Filter>
    </ClCompile>
  </ItemGroup>
  <ItemGroup>
    <ClInclude Include="GameState.h">
      <Filter>Файлы заголовков\States</Filter>
    </ClInclude>
    <ClInclude Include="State.h">
      <Filter>Файлы заголовков\States</Filter>
    </ClInclude>
    <ClInclude Include="Entity.h">
      <Filter>Файлы заголовков\Enteties</Filter>
    </ClInclude>
    <ClInclude Include="MainMenuState.h">
      <Filter>Файлы заголовков\States</Filter>
    </ClInclude>
    <ClInclude Include="MovementComponent.h">
      <Filter>Components</Filter>
    </ClInclude>
    <ClInclude Include="AnimationComponent.h">
      <Filter>Components</Filter>
    </ClInclude>
    <ClInclude Include="Player.h">
      <Filter>Файлы заголовков\Enteties</Filter>
    </ClInclude>
    <ClInclude Include="HitboxComponent.h">
      <Filter>Components</Filter>
    </ClInclude>
    <ClInclude Include="PauseMenu.h">
      <Filter>GUI</Filter>
    </ClInclude>
    <ClInclude Include="Map.h">
      <Filter>Map</Filter>
    </ClInclude>
    <ClInclude Include="Button.h">
      <Filter>GUI</Filter>
    </ClInclude>
    <ClInclude Include="QuestionWindow.h">
      <Filter>GUI</Filter>
    </ClInclude>
    <ClInclude Include="SettingsState.h">
      <Filter>Файлы заголовков\States</Filter>
    </ClInclude>
    <ClInclude Include="Game.h">
      <Filter>Файлы заголовков\Engine</Filter>
    </ClInclude>
    <ClInclude Include="stdafx.h">
      <Filter>Файлы заголовков\Engine</Filter>
    </ClInclude>
    <ClInclude Include="GraphicsSettings.h">
      <Filter>GUI</Filter>
    </ClInclude>
    <ClInclude Include="Npc.h">
      <Filter>Файлы заголовков\Enteties</Filter>
    </ClInclude>
    <ClInclude Include="Teleport.h">
      <Filter>Файлы заголовков\Enteties</Filter>
    </ClInclude>
    <ClInclude Include="Mission.h">
      <Filter>Mission</Filter>
    </ClInclude>
  </ItemGroup>
</Project>